
Microsoft Visual Studio Solution File, Format Version 12.00
# Visual Studio 2017
Project("{FAE04EC0-301F-11D3-BF4B-00C04F79EFBC}") = "INTERIOR-DESIGN-VR-APP-", "INTERIOR-DESIGN-VR-APP-.csproj", "{D28C0913-F703-4A6F-532B-050EA4DD91D0}"
EndProject
Project("{FAE04EC0-301F-11D3-BF4B-00C04F79EFBC}") = "INTERIOR-DESIGN-VR-APP-.Editor", "INTERIOR-DESIGN-VR-APP-.Editor.csproj", "{294EF941-DB7F-E905-92F1-9C098D5D1190}"
EndProject
Global
	GlobalSection(SolutionConfigurationPlatforms) = preSolution
		Debug|Any CPU = Debug|Any CPU
		Release|Any CPU = Release|Any CPU
	EndGlobalSection
	GlobalSection(ProjectConfigurationPlatforms) = postSolution
		{D28C0913-F703-4A6F-532B-050EA4DD91D0}.Debug|Any CPU.ActiveCfg = Debug|Any CPU
		{D28C0913-F703-4A6F-532B-050EA4DD91D0}.Debug|Any CPU.Build.0 = Debug|Any CPU
		{D28C0913-F703-4A6F-532B-050EA4DD91D0}.Release|Any CPU.ActiveCfg = Release|Any CPU
		{D28C0913-F703-4A6F-532B-050EA4DD91D0}.Release|Any CPU.Build.0 = Release|Any CPU
		{294EF941-DB7F-E905-92F1-9C098D5D1190}.Debug|Any CPU.ActiveCfg = Debug|Any CPU
		{294EF941-DB7F-E905-92F1-9C098D5D1190}.Debug|Any CPU.Build.0 = Debug|Any CPU
		{294EF941-DB7F-E905-92F1-9C098D5D1190}.Release|Any CPU.ActiveCfg = Release|Any CPU
		{294EF941-DB7F-E905-92F1-9C098D5D1190}.Release|Any CPU.Build.0 = Release|Any CPU
	EndGlobalSection
	GlobalSection(SolutionProperties) = preSolution
		HideSolutionNode = FALSE
	EndGlobalSection
EndGlobal
